
Microsoft Visual Studio Solution File, Format Version 12.00
# Visual Studio Version 17
VisualStudioVersion = 17.13.35818.85 d17.13
MinimumVisualStudioVersion = 10.0.40219.1
Project("{FAE04EC0-301F-11D3-BF4B-00C04F79EFBC}") = "EJ2_SEGUNDO PARCIAL_CP20242405", "EJ2_SEGUNDO PARCIAL_CP20242405.csproj", "{1949DC0B-B178-44E6-B78E-025F24F1B53C}"
EndProject
Global
	GlobalSection(SolutionConfigurationPlatforms) = preSolution
		Debug|Any CPU = Debug|Any CPU
		Release|Any CPU = Release|Any CPU
	EndGlobalSection
	GlobalSection(ProjectConfigurationPlatforms) = postSolution
		{1949DC0B-B178-44E6-B78E-025F24F1B53C}.Debug|Any CPU.ActiveCfg = Debug|Any CPU
		{1949DC0B-B178-44E6-B78E-025F24F1B53C}.Debug|Any CPU.Build.0 = Debug|Any CPU
		{1949DC0B-B178-44E6-B78E-025F24F1B53C}.Release|Any CPU.ActiveCfg = Release|Any CPU
		{1949DC0B-B178-44E6-B78E-025F24F1B53C}.Release|Any CPU.Build.0 = Release|Any CPU
	EndGlobalSection
	GlobalSection(SolutionProperties) = preSolution
		HideSolutionNode = FALSE
	EndGlobalSection
	GlobalSection(ExtensibilityGlobals) = postSolution
		SolutionGuid = {5A292143-8E8A-4AA6-9857-AC93DACDC261}
	EndGlobalSection
EndGlobal
